// !$*UTF8*$!
{
	archiveVersion = 1;
	classes = {
	};
	objectVersion = 46;
	objects = {

/* Begin PBXBuildFile section */
		71172679170768F700B3D37C /* NSObject+SBJson.h in Sources */ = {isa = PBXBuildFile; fileRef = 7117266017075E4E00B3D37C /* NSObject+SBJson.h */; };
		7117267A170768F700B3D37C /* NSObject+SBJson.m in Sources */ = {isa = PBXBuildFile; fileRef = 7117266117075E4E00B3D37C /* NSObject+SBJson.m */; };
		7117267B170768F700B3D37C /* SBJson.h in Sources */ = {isa = PBXBuildFile; fileRef = 7117266217075E4E00B3D37C /* SBJson.h */; };
		7117267C170768F700B3D37C /* SBJsonParser.h in Sources */ = {isa = PBXBuildFile; fileRef = 7117266317075E4E00B3D37C /* SBJsonParser.h */; };
		7117267D170768F700B3D37C /* SBJsonParser.m in Sources */ = {isa = PBXBuildFile; fileRef = 7117266417075E4E00B3D37C /* SBJsonParser.m */; };
		7117267E170768F700B3D37C /* SBJsonStreamParser.h in Sources */ = {isa = PBXBuildFile; fileRef = 7117266517075E4E00B3D37C /* SBJsonStreamParser.h */; };
		7117267F170768F700B3D37C /* SBJsonStreamParser.m in Sources */ = {isa = PBXBuildFile; fileRef = 7117266617075E4E00B3D37C /* SBJsonStreamParser.m */; };
		71172680170768F700B3D37C /* SBJsonStreamParserAccumulator.h in Sources */ = {isa = PBXBuildFile; fileRef = 7117266717075E4E00B3D37C /* SBJsonStreamParserAccumulator.h */; };
		71172681170768F700B3D37C /* SBJsonStreamParserAccumulator.m in Sources */ = {isa = PBXBuildFile; fileRef = 7117266817075E4E00B3D37C /* SBJsonStreamParserAccumulator.m */; };
		71172682170768F700B3D37C /* SBJsonStreamParserAdapter.h in Sources */ = {isa = PBXBuildFile; fileRef = 7117266917075E4E00B3D37C /* SBJsonStreamParserAdapter.h */; };
		71172683170768F700B3D37C /* SBJsonStreamParserAdapter.m in Sources */ = {isa = PBXBuildFile; fileRef = 7117266A17075E4E00B3D37C /* SBJsonStreamParserAdapter.m */; };
		71172684170768F700B3D37C /* SBJsonStreamParserState.h in Sources */ = {isa = PBXBuildFile; fileRef = 7117266B17075E4E00B3D37C /* SBJsonStreamParserState.h */; };
		71172685170768F700B3D37C /* SBJsonStreamParserState.m in Sources */ = {isa = PBXBuildFile; fileRef = 7117266C17075E4E00B3D37C /* SBJsonStreamParserState.m */; };
		71172686170768F700B3D37C /* SBJsonStreamWriter.h in Sources */ = {isa = PBXBuildFile; fileRef = 7117266D17075E4E00B3D37C /* SBJsonStreamWriter.h */; };
		71172687170768F700B3D37C /* SBJsonStreamWriter.m in Sources */ = {isa = PBXBuildFile; fileRef = 7117266E17075E4E00B3D37C /* SBJsonStreamWriter.m */; };
		71172688170768F700B3D37C /* SBJsonStreamWriterAccumulator.h in Sources */ = {isa = PBXBuildFile; fileRef = 7117266F17075E4E00B3D37C /* SBJsonStreamWriterAccumulator.h */; };
		71172689170768F700B3D37C /* SBJsonStreamWriterAccumulator.m in Sources */ = {isa = PBXBuildFile; fileRef = 7117267017075E4E00B3D37C /* SBJsonStreamWriterAccumulator.m */; };
		7117268A170768F700B3D37C /* SBJsonStreamWriterState.h in Sources */ = {isa = PBXBuildFile; fileRef = 7117267117075E4E00B3D37C /* SBJsonStreamWriterState.h */; };
		7117268B170768F700B3D37C /* SBJsonStreamWriterState.m in Sources */ = {isa = PBXBuildFile; fileRef = 7117267217075E4E00B3D37C /* SBJsonStreamWriterState.m */; };
		7117268C170768F700B3D37C /* SBJsonTokeniser.h in Sources */ = {isa = PBXBuildFile; fileRef = 7117267317075E4E00B3D37C /* SBJsonTokeniser.h */; };
		7117268D170768F700B3D37C /* SBJsonTokeniser.m in Sources */ = {isa = PBXBuildFile; fileRef = 7117267417075E4E00B3D37C /* SBJsonTokeniser.m */; };
		7117268E170768F700B3D37C /* SBJsonUTF8Stream.h in Sources */ = {isa = PBXBuildFile; fileRef = 7117267517075E4E00B3D37C /* SBJsonUTF8Stream.h */; };
		7117268F170768F700B3D37C /* SBJsonUTF8Stream.m in Sources */ = {isa = PBXBuildFile; fileRef = 7117267617075E4E00B3D37C /* SBJsonUTF8Stream.m */; };
		71172690170768F700B3D37C /* SBJsonWriter.h in Sources */ = {isa = PBXBuildFile; fileRef = 7117267717075E4E00B3D37C /* SBJsonWriter.h */; };
		71172691170768F700B3D37C /* SBJsonWriter.m in Sources */ = {isa = PBXBuildFile; fileRef = 7117267817075E4E00B3D37C /* SBJsonWriter.m */; };
		711726961707800F00B3D37C /* NSString+URLEncoding.m in Sources */ = {isa = PBXBuildFile; fileRef = 711726951707800F00B3D37C /* NSString+URLEncoding.m */; };
		DD4F7C0913C30F9F00825C6E /* Cocoa.framework in Frameworks */ = {isa = PBXBuildFile; fileRef = DD4F7C0813C30F9F00825C6E /* Cocoa.framework */; };
		DD4F7C1513C30F9F00825C6E /* main.m in Sources */ = {isa = PBXBuildFile; fileRef = DD4F7C1413C30F9F00825C6E /* main.m */; };
		DD4F7C1C13C30F9F00825C6E /* ApplicationDelegate.m in Sources */ = {isa = PBXBuildFile; fileRef = DD4F7C1B13C30F9F00825C6E /* ApplicationDelegate.m */; };
		DD4F7C1F13C30F9F00825C6E /* MainMenu.xib in Resources */ = {isa = PBXBuildFile; fileRef = DD4F7C1D13C30F9F00825C6E /* MainMenu.xib */; };
		DD4F7C3813C317A500825C6E /* MenubarController.m in Sources */ = {isa = PBXBuildFile; fileRef = DD4F7C3713C317A500825C6E /* MenubarController.m */; };
		DD4F7C3C13C3180800825C6E /* StatusItemView.m in Sources */ = {isa = PBXBuildFile; fileRef = DD4F7C3B13C3180800825C6E /* StatusItemView.m */; };
		DD4F7C3F13C318D600825C6E /* PanelController.m in Sources */ = {isa = PBXBuildFile; fileRef = DD4F7C3E13C318D600825C6E /* PanelController.m */; };
		DD4F7C4113C31B4A00825C6E /* Panel.xib in Resources */ = {isa = PBXBuildFile; fileRef = DD4F7C4013C31B4A00825C6E /* Panel.xib */; };
		DD4F7C4413C31BD200825C6E /* Panel.m in Sources */ = {isa = PBXBuildFile; fileRef = DD4F7C4313C31BD200825C6E /* Panel.m */; };
		DD4F7C4713C3208500825C6E /* BackgroundView.m in Sources */ = {isa = PBXBuildFile; fileRef = DD4F7C4613C3208500825C6E /* BackgroundView.m */; };
		DD4F7C4B13C322FA00825C6E /* Status.png in Resources */ = {isa = PBXBuildFile; fileRef = DD4F7C4913C322FA00825C6E /* Status.png */; };
		DD4F7C4C13C322FA00825C6E /* StatusHighlighted.png in Resources */ = {isa = PBXBuildFile; fileRef = DD4F7C4A13C322FA00825C6E /* StatusHighlighted.png */; };
		DDF4EFAC16C80A510044D141 /* Status@2x.png in Resources */ = {isa = PBXBuildFile; fileRef = DDF4EFAB16C80A510044D141 /* Status@2x.png */; };
		DDF4EFAE16C80AD30044D141 /* StatusHighlighted@2x.png in Resources */ = {isa = PBXBuildFile; fileRef = DDF4EFAD16C80AD30044D141 /* StatusHighlighted@2x.png */; };
/* End PBXBuildFile section */

/* Begin PBXFileReference section */
		7117266017075E4E00B3D37C /* NSObject+SBJson.h */ = {isa = PBXFileReference; lastKnownFileType = sourcecode.c.h; path = "NSObject+SBJson.h"; sourceTree = "<group>"; };
		7117266117075E4E00B3D37C /* NSObject+SBJson.m */ = {isa = PBXFileReference; lastKnownFileType = sourcecode.c.objc; path = "NSObject+SBJson.m"; sourceTree = "<group>"; };
		7117266217075E4E00B3D37C /* SBJson.h */ = {isa = PBXFileReference; lastKnownFileType = sourcecode.c.h; path = SBJson.h; sourceTree = "<group>"; };
		7117266317075E4E00B3D37C /* SBJsonParser.h */ = {isa = PBXFileReference; lastKnownFileType = sourcecode.c.h; path = SBJsonParser.h; sourceTree = "<group>"; };
		7117266417075E4E00B3D37C /* SBJsonParser.m */ = {isa = PBXFileReference; lastKnownFileType = sourcecode.c.objc; path = SBJsonParser.m; sourceTree = "<group>"; };
		7117266517075E4E00B3D37C /* SBJsonStreamParser.h */ = {isa = PBXFileReference; lastKnownFileType = sourcecode.c.h; path = SBJsonStreamParser.h; sourceTree = "<group>"; };
		7117266617075E4E00B3D37C /* SBJsonStreamParser.m */ = {isa = PBXFileReference; lastKnownFileType = sourcecode.c.objc; path = SBJsonStreamParser.m; sourceTree = "<group>"; };
		7117266717075E4E00B3D37C /* SBJsonStreamParserAccumulator.h */ = {isa = PBXFileReference; lastKnownFileType = sourcecode.c.h; path = SBJsonStreamParserAccumulator.h; sourceTree = "<group>"; };
		7117266817075E4E00B3D37C /* SBJsonStreamParserAccumulator.m */ = {isa = PBXFileReference; lastKnownFileType = sourcecode.c.objc; path = SBJsonStreamParserAccumulator.m; sourceTree = "<group>"; };
		7117266917075E4E00B3D37C /* SBJsonStreamParserAdapter.h */ = {isa = PBXFileReference; lastKnownFileType = sourcecode.c.h; path = SBJsonStreamParserAdapter.h; sourceTree = "<group>"; };
		7117266A17075E4E00B3D37C /* SBJsonStreamParserAdapter.m */ = {isa = PBXFileReference; lastKnownFileType = sourcecode.c.objc; path = SBJsonStreamParserAdapter.m; sourceTree = "<group>"; };
		7117266B17075E4E00B3D37C /* SBJsonStreamParserState.h */ = {isa = PBXFileReference; lastKnownFileType = sourcecode.c.h; path = SBJsonStreamParserState.h; sourceTree = "<group>"; };
		7117266C17075E4E00B3D37C /* SBJsonStreamParserState.m */ = {isa = PBXFileReference; lastKnownFileType = sourcecode.c.objc; path = SBJsonStreamParserState.m; sourceTree = "<group>"; };
		7117266D17075E4E00B3D37C /* SBJsonStreamWriter.h */ = {isa = PBXFileReference; lastKnownFileType = sourcecode.c.h; path = SBJsonStreamWriter.h; sourceTree = "<group>"; };
		7117266E17075E4E00B3D37C /* SBJsonStreamWriter.m */ = {isa = PBXFileReference; lastKnownFileType = sourcecode.c.objc; path = SBJsonStreamWriter.m; sourceTree = "<group>"; };
		7117266F17075E4E00B3D37C /* SBJsonStreamWriterAccumulator.h */ = {isa = PBXFileReference; lastKnownFileType = sourcecode.c.h; path = SBJsonStreamWriterAccumulator.h; sourceTree = "<group>"; };
		7117267017075E4E00B3D37C /* SBJsonStreamWriterAccumulator.m */ = {isa = PBXFileReference; lastKnownFileType = sourcecode.c.objc; path = SBJsonStreamWriterAccumulator.m; sourceTree = "<group>"; };
		7117267117075E4E00B3D37C /* SBJsonStreamWriterState.h */ = {isa = PBXFileReference; lastKnownFileType = sourcecode.c.h; path = SBJsonStreamWriterState.h; sourceTree = "<group>"; };
		7117267217075E4E00B3D37C /* SBJsonStreamWriterState.m */ = {isa = PBXFileReference; lastKnownFileType = sourcecode.c.objc; path = SBJsonStreamWriterState.m; sourceTree = "<group>"; };
		7117267317075E4E00B3D37C /* SBJsonTokeniser.h */ = {isa = PBXFileReference; lastKnownFileType = sourcecode.c.h; path = SBJsonTokeniser.h; sourceTree = "<group>"; };
		7117267417075E4E00B3D37C /* SBJsonTokeniser.m */ = {isa = PBXFileReference; lastKnownFileType = sourcecode.c.objc; path = SBJsonTokeniser.m; sourceTree = "<group>"; };
		7117267517075E4E00B3D37C /* SBJsonUTF8Stream.h */ = {isa = PBXFileReference; lastKnownFileType = sourcecode.c.h; path = SBJsonUTF8Stream.h; sourceTree = "<group>"; };
		7117267617075E4E00B3D37C /* SBJsonUTF8Stream.m */ = {isa = PBXFileReference; lastKnownFileType = sourcecode.c.objc; path = SBJsonUTF8Stream.m; sourceTree = "<group>"; };
		7117267717075E4E00B3D37C /* SBJsonWriter.h */ = {isa = PBXFileReference; lastKnownFileType = sourcecode.c.h; path = SBJsonWriter.h; sourceTree = "<group>"; };
		7117267817075E4E00B3D37C /* SBJsonWriter.m */ = {isa = PBXFileReference; lastKnownFileType = sourcecode.c.objc; path = SBJsonWriter.m; sourceTree = "<group>"; };
		711726941707800F00B3D37C /* NSString+URLEncoding.h */ = {isa = PBXFileReference; fileEncoding = 4; lastKnownFileType = sourcecode.c.h; path = "NSString+URLEncoding.h"; sourceTree = "<group>"; };
		711726951707800F00B3D37C /* NSString+URLEncoding.m */ = {isa = PBXFileReference; fileEncoding = 4; lastKnownFileType = sourcecode.c.objc; path = "NSString+URLEncoding.m"; sourceTree = "<group>"; };
		DD4F7C0413C30F9F00825C6E /* Weather Menu.app */ = {isa = PBXFileReference; explicitFileType = wrapper.application; includeInIndex = 0; path = "Weather Menu.app"; sourceTree = BUILT_PRODUCTS_DIR; };
		DD4F7C0813C30F9F00825C6E /* Cocoa.framework */ = {isa = PBXFileReference; lastKnownFileType = wrapper.framework; name = Cocoa.framework; path = System/Library/Frameworks/Cocoa.framework; sourceTree = SDKROOT; };
		DD4F7C0B13C30F9F00825C6E /* AppKit.framework */ = {isa = PBXFileReference; lastKnownFileType = wrapper.framework; name = AppKit.framework; path = System/Library/Frameworks/AppKit.framework; sourceTree = SDKROOT; };
		DD4F7C0C13C30F9F00825C6E /* CoreData.framework */ = {isa = PBXFileReference; lastKnownFileType = wrapper.framework; name = CoreData.framework; path = System/Library/Frameworks/CoreData.framework; sourceTree = SDKROOT; };
		DD4F7C0D13C30F9F00825C6E /* Foundation.framework */ = {isa = PBXFileReference; lastKnownFileType = wrapper.framework; name = Foundation.framework; path = System/Library/Frameworks/Foundation.framework; sourceTree = SDKROOT; };
		DD4F7C1013C30F9F00825C6E /* Weather Menu-Info.plist */ = {isa = PBXFileReference; lastKnownFileType = text.plist.xml; name = "Weather Menu-Info.plist"; path = "Popup/Weather Menu-Info.plist"; sourceTree = "<group>"; };
		DD4F7C1413C30F9F00825C6E /* main.m */ = {isa = PBXFileReference; lastKnownFileType = sourcecode.c.objc; path = main.m; sourceTree = "<group>"; };
		DD4F7C1613C30F9F00825C6E /* Weather Menu-Prefix.pch */ = {isa = PBXFileReference; lastKnownFileType = sourcecode.c.h; path = "Weather Menu-Prefix.pch"; sourceTree = "<group>"; };
		DD4F7C1A13C30F9F00825C6E /* ApplicationDelegate.h */ = {isa = PBXFileReference; lastKnownFileType = sourcecode.c.h; path = ApplicationDelegate.h; sourceTree = "<group>"; };
		DD4F7C1B13C30F9F00825C6E /* ApplicationDelegate.m */ = {isa = PBXFileReference; lastKnownFileType = sourcecode.c.objc; path = ApplicationDelegate.m; sourceTree = "<group>"; };
		DD4F7C1E13C30F9F00825C6E /* en */ = {isa = PBXFileReference; lastKnownFileType = file.xib; name = en; path = en.lproj/MainMenu.xib; sourceTree = "<group>"; };
		DD4F7C3613C317A500825C6E /* MenubarController.h */ = {isa = PBXFileReference; fileEncoding = 4; lastKnownFileType = sourcecode.c.h; path = MenubarController.h; sourceTree = "<group>"; };
		DD4F7C3713C317A500825C6E /* MenubarController.m */ = {isa = PBXFileReference; fileEncoding = 4; lastKnownFileType = sourcecode.c.objc; path = MenubarController.m; sourceTree = "<group>"; };
		DD4F7C3A13C3180800825C6E /* StatusItemView.h */ = {isa = PBXFileReference; fileEncoding = 4; lastKnownFileType = sourcecode.c.h; path = StatusItemView.h; sourceTree = "<group>"; };
		DD4F7C3B13C3180800825C6E /* StatusItemView.m */ = {isa = PBXFileReference; fileEncoding = 4; lastKnownFileType = sourcecode.c.objc; path = StatusItemView.m; sourceTree = "<group>"; };
		DD4F7C3D13C318D600825C6E /* PanelController.h */ = {isa = PBXFileReference; fileEncoding = 4; lastKnownFileType = sourcecode.c.h; path = PanelController.h; sourceTree = "<group>"; };
		DD4F7C3E13C318D600825C6E /* PanelController.m */ = {isa = PBXFileReference; fileEncoding = 4; lastKnownFileType = sourcecode.c.objc; path = PanelController.m; sourceTree = "<group>"; };
		DD4F7C4013C31B4A00825C6E /* Panel.xib */ = {isa = PBXFileReference; fileEncoding = 4; lastKnownFileType = file.xib; name = Panel.xib; path = Popup/Panel.xib; sourceTree = "<group>"; };
		DD4F7C4213C31BD200825C6E /* Panel.h */ = {isa = PBXFileReference; fileEncoding = 4; lastKnownFileType = sourcecode.c.h; path = Panel.h; sourceTree = "<group>"; };
		DD4F7C4313C31BD200825C6E /* Panel.m */ = {isa = PBXFileReference; fileEncoding = 4; lastKnownFileType = sourcecode.c.objc; path = Panel.m; sourceTree = "<group>"; };
		DD4F7C4513C3208500825C6E /* BackgroundView.h */ = {isa = PBXFileReference; fileEncoding = 4; lastKnownFileType = sourcecode.c.h; path = BackgroundView.h; sourceTree = "<group>"; };
		DD4F7C4613C3208500825C6E /* BackgroundView.m */ = {isa = PBXFileReference; fileEncoding = 4; lastKnownFileType = sourcecode.c.objc; path = BackgroundView.m; sourceTree = "<group>"; };
		DD4F7C4913C322FA00825C6E /* Status.png */ = {isa = PBXFileReference; lastKnownFileType = image.png; name = Status.png; path = Popup/Status.png; sourceTree = "<group>"; };
		DD4F7C4A13C322FA00825C6E /* StatusHighlighted.png */ = {isa = PBXFileReference; lastKnownFileType = image.png; name = StatusHighlighted.png; path = Popup/StatusHighlighted.png; sourceTree = "<group>"; };
		DDF4EFAB16C80A510044D141 /* Status@2x.png */ = {isa = PBXFileReference; lastKnownFileType = image.png; name = "Status@2x.png"; path = "Popup/Status@2x.png"; sourceTree = "<group>"; };
		DDF4EFAD16C80AD30044D141 /* StatusHighlighted@2x.png */ = {isa = PBXFileReference; lastKnownFileType = image.png; name = "StatusHighlighted@2x.png"; path = "Popup/StatusHighlighted@2x.png"; sourceTree = "<group>"; };
/* End PBXFileReference section */

/* Begin PBXFrameworksBuildPhase section */
		DD4F7C0113C30F9F00825C6E /* Frameworks */ = {
			isa = PBXFrameworksBuildPhase;
			buildActionMask = 2147483647;
			files = (
				DD4F7C0913C30F9F00825C6E /* Cocoa.framework in Frameworks */,
			);
			runOnlyForDeploymentPostprocessing = 0;
		};
/* End PBXFrameworksBuildPhase section */

/* Begin PBXGroup section */
		7117265F17075E3600B3D37C /* JSON */ = {
			isa = PBXGroup;
			children = (
				7117266017075E4E00B3D37C /* NSObject+SBJson.h */,
				7117266117075E4E00B3D37C /* NSObject+SBJson.m */,
				7117266217075E4E00B3D37C /* SBJson.h */,
				7117266317075E4E00B3D37C /* SBJsonParser.h */,
				7117266417075E4E00B3D37C /* SBJsonParser.m */,
				7117266517075E4E00B3D37C /* SBJsonStreamParser.h */,
				7117266617075E4E00B3D37C /* SBJsonStreamParser.m */,
				7117266717075E4E00B3D37C /* SBJsonStreamParserAccumulator.h */,
				7117266817075E4E00B3D37C /* SBJsonStreamParserAccumulator.m */,
				7117266917075E4E00B3D37C /* SBJsonStreamParserAdapter.h */,
				7117266A17075E4E00B3D37C /* SBJsonStreamParserAdapter.m */,
				7117266B17075E4E00B3D37C /* SBJsonStreamParserState.h */,
				7117266C17075E4E00B3D37C /* SBJsonStreamParserState.m */,
				7117266D17075E4E00B3D37C /* SBJsonStreamWriter.h */,
				7117266E17075E4E00B3D37C /* SBJsonStreamWriter.m */,
				7117266F17075E4E00B3D37C /* SBJsonStreamWriterAccumulator.h */,
				7117267017075E4E00B3D37C /* SBJsonStreamWriterAccumulator.m */,
				7117267117075E4E00B3D37C /* SBJsonStreamWriterState.h */,
				7117267217075E4E00B3D37C /* SBJsonStreamWriterState.m */,
				7117267317075E4E00B3D37C /* SBJsonTokeniser.h */,
				7117267417075E4E00B3D37C /* SBJsonTokeniser.m */,
				7117267517075E4E00B3D37C /* SBJsonUTF8Stream.h */,
				7117267617075E4E00B3D37C /* SBJsonUTF8Stream.m */,
				7117267717075E4E00B3D37C /* SBJsonWriter.h */,
				7117267817075E4E00B3D37C /* SBJsonWriter.m */,
			);
			name = JSON;
			sourceTree = "<group>";
		};
		DD4F7BF913C30F9F00825C6E = {
			isa = PBXGroup;
			children = (
				DD4F7C0E13C30F9F00825C6E /* Sources */,
				DD4F7C2813C3123E00825C6E /* User Interface */,
				DD4F7C0713C30F9F00825C6E /* Frameworks */,
				DD4F7C0513C30F9F00825C6E /* Products */,
				DD4F7C1013C30F9F00825C6E /* Weather Menu-Info.plist */,
			);
			sourceTree = "<group>";
		};
		DD4F7C0513C30F9F00825C6E /* Products */ = {
			isa = PBXGroup;
			children = (
				DD4F7C0413C30F9F00825C6E /* Weather Menu.app */,
			);
			name = Products;
			sourceTree = "<group>";
		};
		DD4F7C0713C30F9F00825C6E /* Frameworks */ = {
			isa = PBXGroup;
			children = (
				DD4F7C0B13C30F9F00825C6E /* AppKit.framework */,
				DD4F7C0C13C30F9F00825C6E /* CoreData.framework */,
				DD4F7C0D13C30F9F00825C6E /* Foundation.framework */,
				DD4F7C0813C30F9F00825C6E /* Cocoa.framework */,
			);
			name = Frameworks;
			sourceTree = "<group>";
		};
		DD4F7C0E13C30F9F00825C6E /* Sources */ = {
			isa = PBXGroup;
			children = (
				7117265F17075E3600B3D37C /* JSON */,
				DD4F7C2613C311DF00825C6E /* Controllers */,
				DD4F7C3913C317EC00825C6E /* Views */,
				DD4F7C0F13C30F9F00825C6E /* Supporting Files */,
				711726941707800F00B3D37C /* NSString+URLEncoding.h */,
				711726951707800F00B3D37C /* NSString+URLEncoding.m */,
			);
			name = Sources;
			path = Popup;
			sourceTree = "<group>";
		};
		DD4F7C0F13C30F9F00825C6E /* Supporting Files */ = {
			isa = PBXGroup;
			children = (
				DD4F7C1613C30F9F00825C6E /* Weather Menu-Prefix.pch */,
				DD4F7C1413C30F9F00825C6E /* main.m */,
			);
			name = "Supporting Files";
			sourceTree = "<group>";
		};
		DD4F7C2613C311DF00825C6E /* Controllers */ = {
			isa = PBXGroup;
			children = (
				DD4F7C1A13C30F9F00825C6E /* ApplicationDelegate.h */,
				DD4F7C1B13C30F9F00825C6E /* ApplicationDelegate.m */,
				DD4F7C3613C317A500825C6E /* MenubarController.h */,
				DD4F7C3713C317A500825C6E /* MenubarController.m */,
				DD4F7C3D13C318D600825C6E /* PanelController.h */,
				DD4F7C3E13C318D600825C6E /* PanelController.m */,
			);
			name = Controllers;
			sourceTree = "<group>";
		};
		DD4F7C2813C3123E00825C6E /* User Interface */ = {
			isa = PBXGroup;
			children = (
				DD4F7C4813C322D800825C6E /* Graphics */,
				DD4F7C2913C3124300825C6E /* XIBs */,
			);
			name = "User Interface";
			sourceTree = "<group>";
		};
		DD4F7C2913C3124300825C6E /* XIBs */ = {
			isa = PBXGroup;
			children = (
				DD4F7C1D13C30F9F00825C6E /* MainMenu.xib */,
				DD4F7C4013C31B4A00825C6E /* Panel.xib */,
			);
			name = XIBs;
			sourceTree = "<group>";
		};
		DD4F7C3913C317EC00825C6E /* Views */ = {
			isa = PBXGroup;
			children = (
				DD4F7C4213C31BD200825C6E /* Panel.h */,
				DD4F7C4313C31BD200825C6E /* Panel.m */,
				DD4F7C3A13C3180800825C6E /* StatusItemView.h */,
				DD4F7C3B13C3180800825C6E /* StatusItemView.m */,
				DD4F7C4513C3208500825C6E /* BackgroundView.h */,
				DD4F7C4613C3208500825C6E /* BackgroundView.m */,
			);
			name = Views;
			sourceTree = "<group>";
		};
		DD4F7C4813C322D800825C6E /* Graphics */ = {
			isa = PBXGroup;
			children = (
				DD4F7C4913C322FA00825C6E /* Status.png */,
				DDF4EFAB16C80A510044D141 /* Status@2x.png */,
				DD4F7C4A13C322FA00825C6E /* StatusHighlighted.png */,
				DDF4EFAD16C80AD30044D141 /* StatusHighlighted@2x.png */,
			);
			name = Graphics;
			sourceTree = "<group>";
		};
/* End PBXGroup section */

/* Begin PBXNativeTarget section */
		DD4F7C0313C30F9F00825C6E /* Weather Menu */ = {
			isa = PBXNativeTarget;
			buildConfigurationList = DD4F7C2213C30F9F00825C6E /* Build configuration list for PBXNativeTarget "Weather Menu" */;
			buildPhases = (
				DD4F7C0013C30F9F00825C6E /* Sources */,
				DD4F7C0113C30F9F00825C6E /* Frameworks */,
				DD4F7C0213C30F9F00825C6E /* Resources */,
			);
			buildRules = (
			);
			dependencies = (
			);
			name = "Weather Menu";
			productName = Popup;
			productReference = DD4F7C0413C30F9F00825C6E /* Weather Menu.app */;
			productType = "com.apple.product-type.application";
		};
/* End PBXNativeTarget section */

/* Begin PBXProject section */
		DD4F7BFB13C30F9F00825C6E /* Project object */ = {
			isa = PBXProject;
			attributes = {
				LastUpgradeCheck = 0460;
			};
			buildConfigurationList = DD4F7BFE13C30F9F00825C6E /* Build configuration list for PBXProject "Weather Menu" */;
			compatibilityVersion = "Xcode 3.2";
			developmentRegion = English;
			hasScannedForEncodings = 0;
			knownRegions = (
				en,
			);
			mainGroup = DD4F7BF913C30F9F00825C6E;
			productRefGroup = DD4F7C0513C30F9F00825C6E /* Products */;
			projectDirPath = "";
			projectRoot = "";
			targets = (
				DD4F7C0313C30F9F00825C6E /* Weather Menu */,
			);
		};
/* End PBXProject section */

/* Begin PBXResourcesBuildPhase section */
		DD4F7C0213C30F9F00825C6E /* Resources */ = {
			isa = PBXResourcesBuildPhase;
			buildActionMask = 2147483647;
			files = (
				DD4F7C1F13C30F9F00825C6E /* MainMenu.xib in Resources */,
				DD4F7C4113C31B4A00825C6E /* Panel.xib in Resources */,
				DD4F7C4B13C322FA00825C6E /* Status.png in Resources */,
				DD4F7C4C13C322FA00825C6E /* StatusHighlighted.png in Resources */,
				DDF4EFAC16C80A510044D141 /* Status@2x.png in Resources */,
				DDF4EFAE16C80AD30044D141 /* StatusHighlighted@2x.png in Resources */,
			);
			runOnlyForDeploymentPostprocessing = 0;
		};
/* End PBXResourcesBuildPhase section */

/* Begin PBXSourcesBuildPhase section */
		DD4F7C0013C30F9F00825C6E /* Sources */ = {
			isa = PBXSourcesBuildPhase;
			buildActionMask = 2147483647;
			files = (
				71172679170768F700B3D37C /* NSObject+SBJson.h in Sources */,
				7117267A170768F700B3D37C /* NSObject+SBJson.m in Sources */,
				7117267B170768F700B3D37C /* SBJson.h in Sources */,
				7117267C170768F700B3D37C /* SBJsonParser.h in Sources */,
				7117267D170768F700B3D37C /* SBJsonParser.m in Sources */,
				7117267E170768F700B3D37C /* SBJsonStreamParser.h in Sources */,
				7117267F170768F700B3D37C /* SBJsonStreamParser.m in Sources */,
				71172680170768F700B3D37C /* SBJsonStreamParserAccumulator.h in Sources */,
				71172681170768F700B3D37C /* SBJsonStreamParserAccumulator.m in Sources */,
				71172682170768F700B3D37C /* SBJsonStreamParserAdapter.h in Sources */,
				71172683170768F700B3D37C /* SBJsonStreamParserAdapter.m in Sources */,
				71172684170768F700B3D37C /* SBJsonStreamParserState.h in Sources */,
				71172685170768F700B3D37C /* SBJsonStreamParserState.m in Sources */,
				71172686170768F700B3D37C /* SBJsonStreamWriter.h in Sources */,
				71172687170768F700B3D37C /* SBJsonStreamWriter.m in Sources */,
				71172688170768F700B3D37C /* SBJsonStreamWriterAccumulator.h in Sources */,
				71172689170768F700B3D37C /* SBJsonStreamWriterAccumulator.m in Sources */,
				7117268A170768F700B3D37C /* SBJsonStreamWriterState.h in Sources */,
				7117268B170768F700B3D37C /* SBJsonStreamWriterState.m in Sources */,
				7117268C170768F700B3D37C /* SBJsonTokeniser.h in Sources */,
				7117268D170768F700B3D37C /* SBJsonTokeniser.m in Sources */,
				7117268E170768F700B3D37C /* SBJsonUTF8Stream.h in Sources */,
				7117268F170768F700B3D37C /* SBJsonUTF8Stream.m in Sources */,
				71172690170768F700B3D37C /* SBJsonWriter.h in Sources */,
				71172691170768F700B3D37C /* SBJsonWriter.m in Sources */,
				DD4F7C1513C30F9F00825C6E /* main.m in Sources */,
				DD4F7C1C13C30F9F00825C6E /* ApplicationDelegate.m in Sources */,
				DD4F7C3813C317A500825C6E /* MenubarController.m in Sources */,
				DD4F7C3C13C3180800825C6E /* StatusItemView.m in Sources */,
				DD4F7C3F13C318D600825C6E /* PanelController.m in Sources */,
				DD4F7C4413C31BD200825C6E /* Panel.m in Sources */,
				DD4F7C4713C3208500825C6E /* BackgroundView.m in Sources */,
				711726961707800F00B3D37C /* NSString+URLEncoding.m in Sources */,
			);
			runOnlyForDeploymentPostprocessing = 0;
		};
/* End PBXSourcesBuildPhase section */

/* Begin PBXVariantGroup section */
		DD4F7C1D13C30F9F00825C6E /* MainMenu.xib */ = {
			isa = PBXVariantGroup;
			children = (
				DD4F7C1E13C30F9F00825C6E /* en */,
			);
			name = MainMenu.xib;
			path = Popup;
			sourceTree = "<group>";
		};
/* End PBXVariantGroup section */

/* Begin XCBuildConfiguration section */
		DD4F7C2013C30F9F00825C6E /* Debug */ = {
			isa = XCBuildConfiguration;
			buildSettings = {
				ALWAYS_SEARCH_USER_PATHS = NO;
				ARCHS = "$(ARCHS_STANDARD_64_BIT)";
				CLANG_WARN_CONSTANT_CONVERSION = YES;
				CLANG_WARN_ENUM_CONVERSION = YES;
				CLANG_WARN_INT_CONVERSION = YES;
				CLANG_WARN__DUPLICATE_METHOD_MATCH = YES;
				COPY_PHASE_STRIP = NO;
				GCC_C_LANGUAGE_STANDARD = gnu99;
				GCC_DYNAMIC_NO_PIC = NO;
				GCC_ENABLE_OBJC_EXCEPTIONS = YES;
				GCC_OPTIMIZATION_LEVEL = 0;
				GCC_PREPROCESSOR_DEFINITIONS = (
					"DEBUG=1",
					"$(inherited)",
				);
				GCC_SYMBOLS_PRIVATE_EXTERN = NO;
				GCC_VERSION = com.apple.compilers.llvm.clang.1_0;
				GCC_WARN_64_TO_32_BIT_CONVERSION = YES;
				GCC_WARN_ABOUT_MISSING_PROTOTYPES = YES;
				GCC_WARN_ABOUT_RETURN_TYPE = YES;
				GCC_WARN_UNINITIALIZED_AUTOS = YES;
				GCC_WARN_UNUSED_VARIABLE = YES;
				MACOSX_DEPLOYMENT_TARGET = 10.6;
				ONLY_ACTIVE_ARCH = YES;
				SDKROOT = macosx;
			};
			name = Debug;
		};
		DD4F7C2113C30F9F00825C6E /* Release */ = {
			isa = XCBuildConfiguration;
			buildSettings = {
				ALWAYS_SEARCH_USER_PATHS = NO;
				ARCHS = "$(ARCHS_STANDARD_64_BIT)";
				CLANG_WARN_CONSTANT_CONVERSION = YES;
				CLANG_WARN_ENUM_CONVERSION = YES;
				CLANG_WARN_INT_CONVERSION = YES;
				CLANG_WARN__DUPLICATE_METHOD_MATCH = YES;
				COPY_PHASE_STRIP = YES;
				DEBUG_INFORMATION_FORMAT = "dwarf-with-dsym";
				GCC_C_LANGUAGE_STANDARD = gnu99;
				GCC_ENABLE_OBJC_EXCEPTIONS = YES;
				GCC_VERSION = com.apple.compilers.llvm.clang.1_0;
				GCC_WARN_64_TO_32_BIT_CONVERSION = YES;
				GCC_WARN_ABOUT_MISSING_PROTOTYPES = YES;
				GCC_WARN_ABOUT_RETURN_TYPE = YES;
				GCC_WARN_UNINITIALIZED_AUTOS = YES;
				GCC_WARN_UNUSED_VARIABLE = YES;
				MACOSX_DEPLOYMENT_TARGET = 10.6;
				SDKROOT = macosx;
			};
			name = Release;
		};
		DD4F7C2313C30F9F00825C6E /* Debug */ = {
			isa = XCBuildConfiguration;
			buildSettings = {
				CLANG_ENABLE_OBJC_ARC = YES;
				COMBINE_HIDPI_IMAGES = YES;
				GCC_PRECOMPILE_PREFIX_HEADER = YES;
				GCC_PREFIX_HEADER = "Popup/Weather Menu-Prefix.pch";
				INFOPLIST_FILE = "Popup/Weather Menu-Info.plist";
				PRODUCT_NAME = "Weather Menu";
				WRAPPER_EXTENSION = app;
			};
			name = Debug;
		};
		DD4F7C2413C30F9F00825C6E /* Release */ = {
			isa = XCBuildConfiguration;
			buildSettings = {
				CLANG_ENABLE_OBJC_ARC = YES;
				COMBINE_HIDPI_IMAGES = YES;
				GCC_PRECOMPILE_PREFIX_HEADER = YES;
				GCC_PREFIX_HEADER = "Popup/Weather Menu-Prefix.pch";
				INFOPLIST_FILE = "Popup/Weather Menu-Info.plist";
				PRODUCT_NAME = "Weather Menu";
				WRAPPER_EXTENSION = app;
			};
			name = Release;
		};
/* End XCBuildConfiguration section */

/* Begin XCConfigurationList section */
		DD4F7BFE13C30F9F00825C6E /* Build configuration list for PBXProject "Weather Menu" */ = {
			isa = XCConfigurationList;
			buildConfigurations = (
				DD4F7C2013C30F9F00825C6E /* Debug */,
				DD4F7C2113C30F9F00825C6E /* Release */,
			);
			defaultConfigurationIsVisible = 0;
			defaultConfigurationName = Release;
		};
		DD4F7C2213C30F9F00825C6E /* Build configuration list for PBXNativeTarget "Weather Menu" */ = {
			isa = XCConfigurationList;
			buildConfigurations = (
				DD4F7C2313C30F9F00825C6E /* Debug */,
				DD4F7C2413C30F9F00825C6E /* Release */,
			);
			defaultConfigurationIsVisible = 0;
			defaultConfigurationName = Release;
		};
/* End XCConfigurationList section */
	};
	rootObject = DD4F7BFB13C30F9F00825C6E /* Project object */;
}
